<?xml version="1.0" encoding="UTF-8" standalone="yes" ?>
<CodeBlocks_project_file>
	<FileVersion major="1" minor="6" />
	<Project>
		<Option title="lspf" />
		<Option pch_mode="2" />
		<Option compiler="gcc" />
		<Build>
			<Target title="Debug">
				<Option output="bin/Debug/lspf" prefix_auto="1" extension_auto="1" />
				<Option object_output="obj/Debug/" />
				<Option type="1" />
				<Option compiler="gcc" />
				<Compiler>
					<Add option="-g" />
				</Compiler>
			</Target>
		</Build>
		<Compiler>
			<Add option="-Wall" />
		</Compiler>
		<Unit filename="../../sample/async_rpc/CppClient.cpp" />
		<Unit filename="../../sample/async_rpc/CppServer.cpp" />
		<Unit filename="../../sample/async_rpc/gen-cpp/Calculator.cpp" />
		<Unit filename="../../sample/async_rpc/gen-cpp/Calculator.h" />
		<Unit filename="../../sample/async_rpc/gen-cpp/Calculator_async_server.skeleton.cpp" />
		<Unit filename="../../sample/async_rpc/gen-cpp/Calculator_server.skeleton.cpp" />
		<Unit filename="../../sample/async_rpc/gen-cpp/threads_constants.cpp" />
		<Unit filename="../../sample/async_rpc/gen-cpp/threads_constants.h" />
		<Unit filename="../../sample/async_rpc/gen-cpp/threads_types.cpp" />
		<Unit filename="../../sample/async_rpc/gen-cpp/threads_types.h" />
		<Unit filename="../../sample/dbclient/CMakeLists.txt" />
		<Unit filename="../../sample/dbclient/DBClient.cpp" />
		<Unit filename="../../sample/dbclient/db_test.cpp" />
		<Unit filename="../../sample/json/json.cpp" />
		<Unit filename="../../sample/log/scribe_log.cpp" />
		<Unit filename="../../sample/message/atmq_client.cpp" />
		<Unit filename="../../sample/message/atmq_server.cpp" />
		<Unit filename="../../sample/message/zeromq_client.cpp" />
		<Unit filename="../../sample/message/zeromq_server.cpp" />
		<Unit filename="../../sample/msgpool/msgpool.cpp" />
		<Unit filename="../../sample/rpc/RpcClient.cpp" />
		<Unit filename="../../sample/rpc/RpcNioServer.cpp" />
		<Unit filename="../../sample/rpc/RpcPoolClient.cpp" />
		<Unit filename="../../sample/rpc/RpcServer.cpp" />
		<Unit filename="../../sample/rpc/gen-cpp/Demo.cpp" />
		<Unit filename="../../sample/rpc/gen-cpp/Demo.h" />
		<Unit filename="../../sample/rpc/gen-cpp/demo_constants.cpp" />
		<Unit filename="../../sample/rpc/gen-cpp/demo_constants.h" />
		<Unit filename="../../sample/rpc/gen-cpp/demo_types.cpp" />
		<Unit filename="../../sample/rpc/gen-cpp/demo_types.h" />
		<Unit filename="../../sample/server/src/gen-cpp/Demo.cpp" />
		<Unit filename="../../sample/server/src/gen-cpp/Demo.h" />
		<Unit filename="../../sample/server/src/gen-cpp/demo_constants.cpp" />
		<Unit filename="../../sample/server/src/gen-cpp/demo_constants.h" />
		<Unit filename="../../sample/server/src/gen-cpp/demo_types.cpp" />
		<Unit filename="../../sample/server/src/gen-cpp/demo_types.h" />
		<Unit filename="../../sample/server/src/main.cpp" />
		<Unit filename="../../sample/server/src/myserver.cpp" />
		<Unit filename="../../sample/server/src/myserver.h" />
		<Unit filename="../../sample/server/src/server/demo_server.cpp" />
		<Unit filename="../../sample/server/src/server/demo_server.h" />
		<Unit filename="../../sample/server/src/service.cpp" />
		<Unit filename="../../sample/server/src/service.h" />
		<Unit filename="../../sample/service/CMakeLists.txt" />
		<Unit filename="../../sample/service/zk_client.cpp" />
		<Unit filename="../../sample/service/zk_server.cpp" />
		<Unit filename="../../sample/zeromq/push_pull.cpp" />
		<Unit filename="../../server/src/gen-cpp/Demo.h" />
		<Unit filename="../../server/src/gen-cpp/demo_constants.h" />
		<Unit filename="../../server/src/gen-cpp/demo_types.h" />
		<Unit filename="../../server/src/myserver.h" />
		<Unit filename="../../server/src/server/demo_server.h" />
		<Unit filename="../../server/src/service.h" />
		<Unit filename="../../tests/common/test_app_conf.cpp" />
		<Unit filename="../../tests/common/test_base64.cpp" />
		<Unit filename="../../tests/common/test_sample.cpp" />
		<Unit filename="../../tests/common/test_tree.cpp" />
		<Unit filename="../../tests/rpc/object_pool.h" />
		<Unit filename="../../tests/rpc/test_object_pool.cpp" />
		<Unit filename="../../thirdparty/include/evdns.h" />
		<Unit filename="../../thirdparty/include/event.h" />
		<Unit filename="../../thirdparty/include/event2/buffer.h" />
		<Unit filename="../../thirdparty/include/event2/buffer_compat.h" />
		<Unit filename="../../thirdparty/include/event2/bufferevent.h" />
		<Unit filename="../../thirdparty/include/event2/bufferevent_compat.h" />
		<Unit filename="../../thirdparty/include/event2/bufferevent_ssl.h" />
		<Unit filename="../../thirdparty/include/event2/bufferevent_struct.h" />
		<Unit filename="../../thirdparty/include/event2/dns.h" />
		<Unit filename="../../thirdparty/include/event2/dns_compat.h" />
		<Unit filename="../../thirdparty/include/event2/dns_struct.h" />
		<Unit filename="../../thirdparty/include/event2/event-config.h" />
		<Unit filename="../../thirdparty/include/event2/event.h" />
		<Unit filename="../../thirdparty/include/event2/event_compat.h" />
		<Unit filename="../../thirdparty/include/event2/event_struct.h" />
		<Unit filename="../../thirdparty/include/event2/http.h" />
		<Unit filename="../../thirdparty/include/event2/http_compat.h" />
		<Unit filename="../../thirdparty/include/event2/http_struct.h" />
		<Unit filename="../../thirdparty/include/event2/keyvalq_struct.h" />
		<Unit filename="../../thirdparty/include/event2/listener.h" />
		<Unit filename="../../thirdparty/include/event2/rpc.h" />
		<Unit filename="../../thirdparty/include/event2/rpc_compat.h" />
		<Unit filename="../../thirdparty/include/event2/rpc_struct.h" />
		<Unit filename="../../thirdparty/include/event2/tag.h" />
		<Unit filename="../../thirdparty/include/event2/tag_compat.h" />
		<Unit filename="../../thirdparty/include/event2/thread.h" />
		<Unit filename="../../thirdparty/include/event2/util.h" />
		<Unit filename="../../thirdparty/include/evhttp.h" />
		<Unit filename="../../thirdparty/include/evrpc.h" />
		<Unit filename="../../thirdparty/include/evutil.h" />
		<Unit filename="../../thirdparty/include/mcrypt.h" />
		<Unit filename="../../thirdparty/include/mhash.h" />
		<Unit filename="../../thirdparty/include/mutils/mcrypt.h" />
		<Unit filename="../../thirdparty/include/mutils/mglobal.h" />
		<Unit filename="../../thirdparty/include/mutils/mhash.h" />
		<Unit filename="../../thirdparty/include/mutils/mhash_config.h" />
		<Unit filename="../../thirdparty/include/mutils/mincludes.h" />
		<Unit filename="../../thirdparty/include/mutils/mtypes.h" />
		<Unit filename="../../thirdparty/include/mutils/mutils.h" />
		<Unit filename="../../thirdparty/include/occi/ldap.h" />
		<Unit filename="../../thirdparty/include/occi/nzerror.h" />
		<Unit filename="../../thirdparty/include/occi/nzt.h" />
		<Unit filename="../../thirdparty/include/occi/occi.h" />
		<Unit filename="../../thirdparty/include/occi/occiAQ.h" />
		<Unit filename="../../thirdparty/include/occi/occiCommon.h" />
		<Unit filename="../../thirdparty/include/occi/occiControl.h" />
		<Unit filename="../../thirdparty/include/occi/occiData.h" />
		<Unit filename="../../thirdparty/include/occi/occiObjects.h" />
		<Unit filename="../../thirdparty/include/occi/oci.h" />
		<Unit filename="../../thirdparty/include/occi/oci1.h" />
		<Unit filename="../../thirdparty/include/occi/oci8dp.h" />
		<Unit filename="../../thirdparty/include/occi/ociap.h" />
		<Unit filename="../../thirdparty/include/occi/ociapr.h" />
		<Unit filename="../../thirdparty/include/occi/ocidef.h" />
		<Unit filename="../../thirdparty/include/occi/ocidem.h" />
		<Unit filename="../../thirdparty/include/occi/ocidfn.h" />
		<Unit filename="../../thirdparty/include/occi/ociextp.h" />
		<Unit filename="../../thirdparty/include/occi/ocikpr.h" />
		<Unit filename="../../thirdparty/include/occi/ocixmldb.h" />
		<Unit filename="../../thirdparty/include/occi/ocixstream.h" />
		<Unit filename="../../thirdparty/include/occi/odci.h" />
		<Unit filename="../../thirdparty/include/occi/oratypes.h" />
		<Unit filename="../../thirdparty/include/occi/ori.h" />
		<Unit filename="../../thirdparty/include/occi/orid.h" />
		<Unit filename="../../thirdparty/include/occi/orl.h" />
		<Unit filename="../../thirdparty/include/occi/oro.h" />
		<Unit filename="../../thirdparty/include/occi/ort.h" />
		<Unit filename="../../thirdparty/include/occi/xa.h" />
		<Unit filename="../../thirdparty/include/pcre.h" />
		<Unit filename="../../thirdparty/include/pcre_scanner.h" />
		<Unit filename="../../thirdparty/include/pcre_stringpiece.h" />
		<Unit filename="../../thirdparty/include/pcrecpp.h" />
		<Unit filename="../../thirdparty/include/pcrecpparg.h" />
		<Unit filename="../../thirdparty/include/pcreposix.h" />
		<Unit filename="../../thirdparty/include/thrift/TApplicationException.h" />
		<Unit filename="../../thirdparty/include/thrift/TDispatchProcessor.h" />
		<Unit filename="../../thirdparty/include/thrift/TLogging.h" />
		<Unit filename="../../thirdparty/include/thrift/TOutput.h" />
		<Unit filename="../../thirdparty/include/thrift/TProcessor.h" />
		<Unit filename="../../thirdparty/include/thrift/TToString.h" />
		<Unit filename="../../thirdparty/include/thrift/Thrift.h" />
		<Unit filename="../../thirdparty/include/thrift/async/TAsyncBufferProcessor.h" />
		<Unit filename="../../thirdparty/include/thrift/async/TAsyncChannel.h" />
		<Unit filename="../../thirdparty/include/thrift/async/TAsyncDispatchProcessor.h" />
		<Unit filename="../../thirdparty/include/thrift/async/TAsyncProcessor.h" />
		<Unit filename="../../thirdparty/include/thrift/async/TAsyncProtocolProcessor.h" />
		<Unit filename="../../thirdparty/include/thrift/async/TConcurrentClientSyncInfo.h" />
		<Unit filename="../../thirdparty/include/thrift/async/TEvhttpClientChannel.h" />
		<Unit filename="../../thirdparty/include/thrift/async/TEvhttpServer.h" />
		<Unit filename="../../thirdparty/include/thrift/c_glib/config.h" />
		<Unit filename="../../thirdparty/include/thrift/c_glib/processor/thrift_dispatch_processor.h" />
		<Unit filename="../../thirdparty/include/thrift/c_glib/processor/thrift_processor.h" />
		<Unit filename="../../thirdparty/include/thrift/c_glib/protocol/thrift_binary_protocol.h" />
		<Unit filename="../../thirdparty/include/thrift/c_glib/protocol/thrift_binary_protocol_factory.h" />
		<Unit filename="../../thirdparty/include/thrift/c_glib/protocol/thrift_protocol.h" />
		<Unit filename="../../thirdparty/include/thrift/c_glib/protocol/thrift_protocol_factory.h" />
		<Unit filename="../../thirdparty/include/thrift/c_glib/server/thrift_server.h" />
		<Unit filename="../../thirdparty/include/thrift/c_glib/server/thrift_simple_server.h" />
		<Unit filename="../../thirdparty/include/thrift/c_glib/thrift.h" />
		<Unit filename="../../thirdparty/include/thrift/c_glib/thrift_application_exception.h" />
		<Unit filename="../../thirdparty/include/thrift/c_glib/thrift_struct.h" />
		<Unit filename="../../thirdparty/include/thrift/c_glib/transport/thrift_buffered_transport.h" />
		<Unit filename="../../thirdparty/include/thrift/c_glib/transport/thrift_buffered_transport_factory.h" />
		<Unit filename="../../thirdparty/include/thrift/c_glib/transport/thrift_framed_transport.h" />
		<Unit filename="../../thirdparty/include/thrift/c_glib/transport/thrift_framed_transport_factory.h" />
		<Unit filename="../../thirdparty/include/thrift/c_glib/transport/thrift_memory_buffer.h" />
		<Unit filename="../../thirdparty/include/thrift/c_glib/transport/thrift_server_socket.h" />
		<Unit filename="../../thirdparty/include/thrift/c_glib/transport/thrift_server_transport.h" />
		<Unit filename="../../thirdparty/include/thrift/c_glib/transport/thrift_socket.h" />
		<Unit filename="../../thirdparty/include/thrift/c_glib/transport/thrift_transport.h" />
		<Unit filename="../../thirdparty/include/thrift/c_glib/transport/thrift_transport_factory.h" />
		<Unit filename="../../thirdparty/include/thrift/concurrency/BoostThreadFactory.h" />
		<Unit filename="../../thirdparty/include/thrift/concurrency/Exception.h" />
		<Unit filename="../../thirdparty/include/thrift/concurrency/FunctionRunner.h" />
		<Unit filename="../../thirdparty/include/thrift/concurrency/Monitor.h" />
		<Unit filename="../../thirdparty/include/thrift/concurrency/Mutex.h" />
		<Unit filename="../../thirdparty/include/thrift/concurrency/PlatformThreadFactory.h" />
		<Unit filename="../../thirdparty/include/thrift/concurrency/PosixThreadFactory.h" />
		<Unit filename="../../thirdparty/include/thrift/concurrency/StdMonitor.cpp" />
		<Unit filename="../../thirdparty/include/thrift/concurrency/StdMutex.cpp" />
		<Unit filename="../../thirdparty/include/thrift/concurrency/StdThreadFactory.cpp" />
		<Unit filename="../../thirdparty/include/thrift/concurrency/StdThreadFactory.h" />
		<Unit filename="../../thirdparty/include/thrift/concurrency/Thread.h" />
		<Unit filename="../../thirdparty/include/thrift/concurrency/ThreadManager.h" />
		<Unit filename="../../thirdparty/include/thrift/concurrency/TimerManager.h" />
		<Unit filename="../../thirdparty/include/thrift/concurrency/Util.h" />
		<Unit filename="../../thirdparty/include/thrift/config.h" />
		<Unit filename="../../thirdparty/include/thrift/cxxfunctional.h" />
		<Unit filename="../../thirdparty/include/thrift/processor/PeekProcessor.h" />
		<Unit filename="../../thirdparty/include/thrift/processor/StatsProcessor.h" />
		<Unit filename="../../thirdparty/include/thrift/processor/TMultiplexedProcessor.h" />
		<Unit filename="../../thirdparty/include/thrift/protocol/TBase64Utils.h" />
		<Unit filename="../../thirdparty/include/thrift/protocol/TBinaryProtocol.h" />
		<Unit filename="../../thirdparty/include/thrift/protocol/TCompactProtocol.h" />
		<Unit filename="../../thirdparty/include/thrift/protocol/TDebugProtocol.h" />
		<Unit filename="../../thirdparty/include/thrift/protocol/TJSONProtocol.h" />
		<Unit filename="../../thirdparty/include/thrift/protocol/TMultiplexedProtocol.h" />
		<Unit filename="../../thirdparty/include/thrift/protocol/TProtocol.h" />
		<Unit filename="../../thirdparty/include/thrift/protocol/TProtocolDecorator.h" />
		<Unit filename="../../thirdparty/include/thrift/protocol/TProtocolException.h" />
		<Unit filename="../../thirdparty/include/thrift/protocol/TProtocolTap.h" />
		<Unit filename="../../thirdparty/include/thrift/protocol/TVirtualProtocol.h" />
		<Unit filename="../../thirdparty/include/thrift/qt/TQIODeviceTransport.h" />
		<Unit filename="../../thirdparty/include/thrift/qt/TQTcpServer.h" />
		<Unit filename="../../thirdparty/include/thrift/server/TConnectedClient.h" />
		<Unit filename="../../thirdparty/include/thrift/server/TNonblockingServer.h" />
		<Unit filename="../../thirdparty/include/thrift/server/TServer.h" />
		<Unit filename="../../thirdparty/include/thrift/server/TServerFramework.h" />
		<Unit filename="../../thirdparty/include/thrift/server/TSimpleServer.h" />
		<Unit filename="../../thirdparty/include/thrift/server/TThreadPoolServer.h" />
		<Unit filename="../../thirdparty/include/thrift/server/TThreadedServer.h" />
		<Unit filename="../../thirdparty/include/thrift/thrift-config.h" />
		<Unit filename="../../thirdparty/include/thrift/transport/PlatformSocket.h" />
		<Unit filename="../../thirdparty/include/thrift/transport/TBufferTransports.h" />
		<Unit filename="../../thirdparty/include/thrift/transport/TFDTransport.h" />
		<Unit filename="../../thirdparty/include/thrift/transport/TFileTransport.h" />
		<Unit filename="../../thirdparty/include/thrift/transport/THttpClient.h" />
		<Unit filename="../../thirdparty/include/thrift/transport/THttpServer.h" />
		<Unit filename="../../thirdparty/include/thrift/transport/THttpTransport.h" />
		<Unit filename="../../thirdparty/include/thrift/transport/TPipe.h" />
		<Unit filename="../../thirdparty/include/thrift/transport/TPipeServer.h" />
		<Unit filename="../../thirdparty/include/thrift/transport/TServerSocket.h" />
		<Unit filename="../../thirdparty/include/thrift/transport/TServerTransport.h" />
		<Unit filename="../../thirdparty/include/thrift/transport/TShortReadTransport.h" />
		<Unit filename="../../thirdparty/include/thrift/transport/TSimpleFileTransport.h" />
		<Unit filename="../../thirdparty/include/thrift/transport/TSocket.h" />
		<Unit filename="../../thirdparty/include/thrift/transport/TSocketPool.h" />
		<Unit filename="../../thirdparty/include/thrift/transport/TTransport.h" />
		<Unit filename="../../thirdparty/include/thrift/transport/TTransportException.h" />
		<Unit filename="../../thirdparty/include/thrift/transport/TTransportUtils.h" />
		<Unit filename="../../thirdparty/include/thrift/transport/TVirtualTransport.h" />
		<Unit filename="../../thirdparty/include/thrift/transport/TZlibTransport.h" />
		<Unit filename="../../thirdparty/include/zookeeper/proto.h" />
		<Unit filename="../../thirdparty/include/zookeeper/recordio.h" />
		<Unit filename="../../thirdparty/include/zookeeper/zookeeper.h" />
		<Unit filename="../../thirdparty/include/zookeeper/zookeeper.jute.h" />
		<Unit filename="../../thirdparty/include/zookeeper/zookeeper_log.h" />
		<Unit filename="../../thirdparty/include/zookeeper/zookeeper_version.h" />
		<Unit filename="../common/app_conf.cpp" />
		<Unit filename="../common/app_conf.h" />
		<Unit filename="../common/base64.cpp" />
		<Unit filename="../common/base64.h" />
		<Unit filename="../common/blocking_queue.h" />
		<Unit filename="../common/condition_variable.cpp" />
		<Unit filename="../common/condition_variable.h" />
		<Unit filename="../common/file_util.cpp" />
		<Unit filename="../common/file_util.h" />
		<Unit filename="../common/message_pool.h" />
		<Unit filename="../common/mutex.h" />
		<Unit filename="../common/process_control.cpp" />
		<Unit filename="../common/process_control.h" />
		<Unit filename="../common/singleton.h" />
		<Unit filename="../common/string_utility.cpp" />
		<Unit filename="../common/string_utility.h" />
		<Unit filename="../common/thread.cpp" />
		<Unit filename="../common/thread.h" />
		<Unit filename="../common/thread_pool.cpp" />
		<Unit filename="../common/thread_pool.h" />
		<Unit filename="../common/time_utility.cpp" />
		<Unit filename="../common/time_utility.h" />
		<Unit filename="../database/dbcommand.cpp" />
		<Unit filename="../database/dbcommand.h" />
		<Unit filename="../database/dbconn_check.cpp" />
		<Unit filename="../database/dbconn_check.h" />
		<Unit filename="../database/dbconn_manage.cpp" />
		<Unit filename="../database/dbconn_manage.h" />
		<Unit filename="../database/dbexception.h" />
		<Unit filename="../log/async_logging.cpp" />
		<Unit filename="../log/async_logging.h" />
		<Unit filename="../log/gen-cpp/FacebookService.cpp" />
		<Unit filename="../log/gen-cpp/FacebookService.h" />
		<Unit filename="../log/gen-cpp/fb303_constants.cpp" />
		<Unit filename="../log/gen-cpp/fb303_constants.h" />
		<Unit filename="../log/gen-cpp/fb303_types.cpp" />
		<Unit filename="../log/gen-cpp/fb303_types.h" />
		<Unit filename="../log/gen-cpp/scribe.cpp" />
		<Unit filename="../log/gen-cpp/scribe.h" />
		<Unit filename="../log/gen-cpp/scribe_constants.cpp" />
		<Unit filename="../log/gen-cpp/scribe_constants.h" />
		<Unit filename="../log/gen-cpp/scribe_types.cpp" />
		<Unit filename="../log/gen-cpp/scribe_types.h" />
		<Unit filename="../log/log.cpp" />
		<Unit filename="../log/log.h" />
		<Unit filename="../log/scribe_log.cpp" />
		<Unit filename="../log/scribe_log.h" />
		<Unit filename="../log/scribe_log_handler.cpp" />
		<Unit filename="../log/scribe_log_handler.h" />
		<Unit filename="../manage/CMakeLists.txt" />
		<Unit filename="../manage/zk_client.cpp" />
		<Unit filename="../manage/zk_client.h" />
		<Unit filename="../manage/zk_server.cpp" />
		<Unit filename="../manage/zk_server.h" />
		<Unit filename="../message/atmq_driver.cpp" />
		<Unit filename="../message/atmq_driver.h" />
		<Unit filename="../message/common.h" />
		<Unit filename="../message/message.cpp" />
		<Unit filename="../message/message.h" />
		<Unit filename="../message/message_driver.h" />
		<Unit filename="../message/zmq_driver.cpp" />
		<Unit filename="../message/zmq_driver.h" />
		<Unit filename="../mexception.h" />
		<Unit filename="../rpc/connection_exception.h" />
		<Unit filename="../rpc/connection_pool.cpp" />
		<Unit filename="../rpc/connection_pool.h" />
		<Unit filename="../rpc/connection_pool_mgr.cpp" />
		<Unit filename="../rpc/connection_pool_mgr.h" />
		<Unit filename="../rpc/connection_provider.cpp" />
		<Unit filename="../rpc/connection_provider.h" />
		<Unit filename="../rpc/gen-scribe/FacebookService.cpp" />
		<Unit filename="../rpc/gen-scribe/FacebookService.h" />
		<Unit filename="../rpc/gen-scribe/fb303_constants.cpp" />
		<Unit filename="../rpc/gen-scribe/fb303_constants.h" />
		<Unit filename="../rpc/gen-scribe/fb303_types.cpp" />
		<Unit filename="../rpc/gen-scribe/fb303_types.h" />
		<Unit filename="../rpc/gen-scribe/scribe.cpp" />
		<Unit filename="../rpc/gen-scribe/scribe.h" />
		<Unit filename="../rpc/gen-scribe/scribe_constants.cpp" />
		<Unit filename="../rpc/gen-scribe/scribe_constants.h" />
		<Unit filename="../rpc/gen-scribe/scribe_types.cpp" />
		<Unit filename="../rpc/gen-scribe/scribe_types.h" />
		<Unit filename="../rpc/scribe_log.h" />
		<Unit filename="../rpc/tcp_connection_pool.cpp" />
		<Unit filename="../rpc/tcp_connection_pool.h" />
		<Unit filename="../sclog/CMakeLists.txt" />
		<Unit filename="../service/CMakeLists.txt" />
		<Unit filename="../transport/CMakeLists.txt" />
		<Unit filename="../transport/async_mq_client.cpp" />
		<Unit filename="../transport/async_mq_client.h" />
		<Unit filename="../transport/async_mq_server.cpp" />
		<Unit filename="../transport/async_mq_server.h" />
		<Unit filename="../transport/comm_session.h" />
		<Unit filename="../transport/session_cache.h" />
		<Unit filename="../transport/sync_comm.cpp" />
		<Unit filename="../transport/sync_comm.h" />
		<Unit filename="../transport/zk_client.cpp" />
		<Unit filename="../transport/zk_client.h" />
		<Unit filename="../transport/zk_server.cpp" />
		<Unit filename="../transport/zk_server.h" />
		<Extensions>
			<code_completion />
			<envvars />
			<debugger />
			<lib_finder disable_auto="1" />
		</Extensions>
	</Project>
</CodeBlocks_project_file>
